
Microsoft Visual Studio Solution File, Format Version 12.00
# Visual Studio Version 16
VisualStudioVersion = 16.0.33027.164
MinimumVisualStudioVersion = 10.0.40219.1
Project("{9A19103F-16F7-4668-BE54-9A1E7A4F7556}") = "Cadastrador", "Cadastrador\Cadastrador.csproj", "{682DE0A7-2908-4A66-8CF2-029AB7BADC45}"
EndProject
Project("{FAE04EC0-301F-11D3-BF4B-00C04F79EFBC}") = "Compartilhado", "Compartilhado\Compartilhado.csproj", "{C3F52C2F-2AFB-4209-814F-5AE137C902CF}"
EndProject
Global
	GlobalSection(SolutionConfigurationPlatforms) = preSolution
		Debug|Any CPU = Debug|Any CPU
		Release|Any CPU = Release|Any CPU
	EndGlobalSection
	GlobalSection(ProjectConfigurationPlatforms) = postSolution
		{682DE0A7-2908-4A66-8CF2-029AB7BADC45}.Debug|Any CPU.ActiveCfg = Debug|Any CPU
		{682DE0A7-2908-4A66-8CF2-029AB7BADC45}.Debug|Any CPU.Build.0 = Debug|Any CPU
		{682DE0A7-2908-4A66-8CF2-029AB7BADC45}.Release|Any CPU.ActiveCfg = Release|Any CPU
		{682DE0A7-2908-4A66-8CF2-029AB7BADC45}.Release|Any CPU.Build.0 = Release|Any CPU
		{C3F52C2F-2AFB-4209-814F-5AE137C902CF}.Debug|Any CPU.ActiveCfg = Debug|Any CPU
		{C3F52C2F-2AFB-4209-814F-5AE137C902CF}.Debug|Any CPU.Build.0 = Debug|Any CPU
		{C3F52C2F-2AFB-4209-814F-5AE137C902CF}.Release|Any CPU.ActiveCfg = Release|Any CPU
		{C3F52C2F-2AFB-4209-814F-5AE137C902CF}.Release|Any CPU.Build.0 = Release|Any CPU
	EndGlobalSection
	GlobalSection(SolutionProperties) = preSolution
		HideSolutionNode = FALSE
	EndGlobalSection
	GlobalSection(ExtensibilityGlobals) = postSolution
		SolutionGuid = {E07ED95B-59C5-4F36-9E06-B7A926471C2B}
	EndGlobalSection
EndGlobal
